
Microsoft Visual Studio Solution File, Format Version 12.00
# Visual Studio Version 17
VisualStudioVersion = 17.14.36804.6 d17.14
MinimumVisualStudioVersion = 10.0.40219.1
Project("{FAE04EC0-301F-11D3-BF4B-00C04F79EFBC}") = "BarcodeGenerator", "BarcodeGenerator\BarcodeGenerator.csproj", "{49BAB1E2-B92E-4087-AD6E-533848D76331}"
EndProject
Global
	GlobalSection(SolutionConfigurationPlatforms) = preSolution
		Debug|Any CPU = Debug|Any CPU
		Release|Any CPU = Release|Any CPU
	EndGlobalSection
	GlobalSection(ProjectConfigurationPlatforms) = postSolution
		{49BAB1E2-B92E-4087-AD6E-533848D76331}.Debug|Any CPU.ActiveCfg = Debug|Any CPU
		{49BAB1E2-B92E-4087-AD6E-533848D76331}.Debug|Any CPU.Build.0 = Debug|Any CPU
		{49BAB1E2-B92E-4087-AD6E-533848D76331}.Release|Any CPU.ActiveCfg = Release|Any CPU
		{49BAB1E2-B92E-4087-AD6E-533848D76331}.Release|Any CPU.Build.0 = Release|Any CPU
	EndGlobalSection
	GlobalSection(SolutionProperties) = preSolution
		HideSolutionNode = FALSE
	EndGlobalSection
	GlobalSection(ExtensibilityGlobals) = postSolution
		SolutionGuid = {19D13E06-232B-4CCF-A84A-230F7F35DFC7}
	EndGlobalSection
EndGlobal
